
Microsoft Visual Studio Solution File, Format Version 12.00
# Visual Studio 15
Project("{FAE04EC0-301F-11D3-BF4B-00C04F79EFBC}") = "SpeedTest.Android", "SpeedTest.Android\SpeedTest.Android.csproj", "{EAA7C08C-4BC2-40DB-8DD3-62C0DD025CF2}"
EndProject
Project("{FAE04EC0-301F-11D3-BF4B-00C04F79EFBC}") = "SpeedTest.iOS", "SpeedTest.iOS\SpeedTest.iOS.csproj", "{83AFD379-66FF-4F3B-ABB5-7610B5922919}"
EndProject
Project("{FAE04EC0-301F-11D3-BF4B-00C04F79EFBC}") = "SpeedTest", "SpeedTest\SpeedTest.csproj", "{EC75F1E9-1801-4A88-AD08-CEEB7D06E31F}"
EndProject
Global
	GlobalSection(SolutionConfigurationPlatforms) = preSolution
		Debug|Any CPU = Debug|Any CPU
		Release|Any CPU = Release|Any CPU
		Debug|iPhoneSimulator = Debug|iPhoneSimulator
		Release|iPhoneSimulator = Release|iPhoneSimulator
		Debug|iPhone = Debug|iPhone
		Release|iPhone = Release|iPhone
		Ad-Hoc|iPhone = Ad-Hoc|iPhone
		AppStore|iPhone = AppStore|iPhone
	EndGlobalSection
	GlobalSection(ProjectConfigurationPlatforms) = postSolution
		{EAA7C08C-4BC2-40DB-8DD3-62C0DD025CF2}.Debug|Any CPU.ActiveCfg = Debug|Any CPU
		{EAA7C08C-4BC2-40DB-8DD3-62C0DD025CF2}.Debug|Any CPU.Build.0 = Debug|Any CPU
		{EAA7C08C-4BC2-40DB-8DD3-62C0DD025CF2}.Release|Any CPU.ActiveCfg = Release|Any CPU
		{EAA7C08C-4BC2-40DB-8DD3-62C0DD025CF2}.Release|Any CPU.Build.0 = Release|Any CPU
		{EAA7C08C-4BC2-40DB-8DD3-62C0DD025CF2}.Debug|iPhoneSimulator.ActiveCfg = Debug|Any CPU
		{EAA7C08C-4BC2-40DB-8DD3-62C0DD025CF2}.Debug|iPhoneSimulator.Build.0 = Debug|Any CPU
		{EAA7C08C-4BC2-40DB-8DD3-62C0DD025CF2}.Release|iPhoneSimulator.ActiveCfg = Release|Any CPU
		{EAA7C08C-4BC2-40DB-8DD3-62C0DD025CF2}.Release|iPhoneSimulator.Build.0 = Release|Any CPU
		{EAA7C08C-4BC2-40DB-8DD3-62C0DD025CF2}.Debug|iPhone.ActiveCfg = Debug|Any CPU
		{EAA7C08C-4BC2-40DB-8DD3-62C0DD025CF2}.Debug|iPhone.Build.0 = Debug|Any CPU
		{EAA7C08C-4BC2-40DB-8DD3-62C0DD025CF2}.Release|iPhone.ActiveCfg = Release|Any CPU
		{EAA7C08C-4BC2-40DB-8DD3-62C0DD025CF2}.Release|iPhone.Build.0 = Release|Any CPU
		{EAA7C08C-4BC2-40DB-8DD3-62C0DD025CF2}.Ad-Hoc|iPhone.ActiveCfg = Debug|Any CPU
		{EAA7C08C-4BC2-40DB-8DD3-62C0DD025CF2}.Ad-Hoc|iPhone.Build.0 = Debug|Any CPU
		{EAA7C08C-4BC2-40DB-8DD3-62C0DD025CF2}.AppStore|iPhone.ActiveCfg = Debug|Any CPU
		{EAA7C08C-4BC2-40DB-8DD3-62C0DD025CF2}.AppStore|iPhone.Build.0 = Debug|Any CPU
		{83AFD379-66FF-4F3B-ABB5-7610B5922919}.Debug|Any CPU.ActiveCfg = Debug|iPhoneSimulator
		{83AFD379-66FF-4F3B-ABB5-7610B5922919}.Debug|Any CPU.Build.0 = Debug|iPhoneSimulator
		{83AFD379-66FF-4F3B-ABB5-7610B5922919}.Release|Any CPU.ActiveCfg = Release|iPhoneSimulator
		{83AFD379-66FF-4F3B-ABB5-7610B5922919}.Release|Any CPU.Build.0 = Release|iPhoneSimulator
		{83AFD379-66FF-4F3B-ABB5-7610B5922919}.Debug|iPhoneSimulator.ActiveCfg = Debug|iPhoneSimulator
		{83AFD379-66FF-4F3B-ABB5-7610B5922919}.Debug|iPhoneSimulator.Build.0 = Debug|iPhoneSimulator
		{83AFD379-66FF-4F3B-ABB5-7610B5922919}.Release|iPhoneSimulator.ActiveCfg = Release|iPhoneSimulator
		{83AFD379-66FF-4F3B-ABB5-7610B5922919}.Release|iPhoneSimulator.Build.0 = Release|iPhoneSimulator
		{83AFD379-66FF-4F3B-ABB5-7610B5922919}.Debug|iPhone.ActiveCfg = Debug|iPhone
		{83AFD379-66FF-4F3B-ABB5-7610B5922919}.Debug|iPhone.Build.0 = Debug|iPhone
		{83AFD379-66FF-4F3B-ABB5-7610B5922919}.Release|iPhone.ActiveCfg = Release|iPhone
		{83AFD379-66FF-4F3B-ABB5-7610B5922919}.Release|iPhone.Build.0 = Release|iPhone
		{83AFD379-66FF-4F3B-ABB5-7610B5922919}.Ad-Hoc|iPhone.ActiveCfg = Ad-Hoc|iPhone
		{83AFD379-66FF-4F3B-ABB5-7610B5922919}.Ad-Hoc|iPhone.Build.0 = Ad-Hoc|iPhone
		{83AFD379-66FF-4F3B-ABB5-7610B5922919}.AppStore|iPhone.ActiveCfg = AppStore|iPhone
		{83AFD379-66FF-4F3B-ABB5-7610B5922919}.AppStore|iPhone.Build.0 = AppStore|iPhone
		{EC75F1E9-1801-4A88-AD08-CEEB7D06E31F}.Debug|Any CPU.ActiveCfg = Debug|Any CPU
		{EC75F1E9-1801-4A88-AD08-CEEB7D06E31F}.Debug|Any CPU.Build.0 = Debug|Any CPU
		{EC75F1E9-1801-4A88-AD08-CEEB7D06E31F}.Release|Any CPU.ActiveCfg = Release|Any CPU
		{EC75F1E9-1801-4A88-AD08-CEEB7D06E31F}.Release|Any CPU.Build.0 = Release|Any CPU
		{EC75F1E9-1801-4A88-AD08-CEEB7D06E31F}.Debug|iPhoneSimulator.ActiveCfg = Debug|Any CPU
		{EC75F1E9-1801-4A88-AD08-CEEB7D06E31F}.Debug|iPhoneSimulator.Build.0 = Debug|Any CPU
		{EC75F1E9-1801-4A88-AD08-CEEB7D06E31F}.Release|iPhoneSimulator.ActiveCfg = Release|Any CPU
		{EC75F1E9-1801-4A88-AD08-CEEB7D06E31F}.Release|iPhoneSimulator.Build.0 = Release|Any CPU
		{EC75F1E9-1801-4A88-AD08-CEEB7D06E31F}.Debug|iPhone.ActiveCfg = Debug|Any CPU
		{EC75F1E9-1801-4A88-AD08-CEEB7D06E31F}.Debug|iPhone.Build.0 = Debug|Any CPU
		{EC75F1E9-1801-4A88-AD08-CEEB7D06E31F}.Release|iPhone.ActiveCfg = Release|Any CPU
		{EC75F1E9-1801-4A88-AD08-CEEB7D06E31F}.Release|iPhone.Build.0 = Release|Any CPU
		{EC75F1E9-1801-4A88-AD08-CEEB7D06E31F}.Ad-Hoc|iPhone.ActiveCfg = Debug|Any CPU
		{EC75F1E9-1801-4A88-AD08-CEEB7D06E31F}.Ad-Hoc|iPhone.Build.0 = Debug|Any CPU
		{EC75F1E9-1801-4A88-AD08-CEEB7D06E31F}.AppStore|iPhone.ActiveCfg = Debug|Any CPU
		{EC75F1E9-1801-4A88-AD08-CEEB7D06E31F}.AppStore|iPhone.Build.0 = Debug|Any CPU
	EndGlobalSection
EndGlobal
